
Microsoft Visual Studio Solution File, Format Version 12.00
# Visual Studio Version 17
VisualStudioVersion = 17.2.32630.192
MinimumVisualStudioVersion = 10.0.40219.1
Project("{FAE04EC0-301F-11D3-BF4B-00C04F79EFBC}") = "Employee_Project", "Employee_Project.csproj", "{6DBE7C53-D9D8-4D64-9B19-A16AEB8B4F81}"
EndProject
Global
	GlobalSection(SolutionConfigurationPlatforms) = preSolution
		Debug|Any CPU = Debug|Any CPU
		Release|Any CPU = Release|Any CPU
	EndGlobalSection
	GlobalSection(ProjectConfigurationPlatforms) = postSolution
		{6DBE7C53-D9D8-4D64-9B19-A16AEB8B4F81}.Debug|Any CPU.ActiveCfg = Debug|Any CPU
		{6DBE7C53-D9D8-4D64-9B19-A16AEB8B4F81}.Debug|Any CPU.Build.0 = Debug|Any CPU
		{6DBE7C53-D9D8-4D64-9B19-A16AEB8B4F81}.Release|Any CPU.ActiveCfg = Release|Any CPU
		{6DBE7C53-D9D8-4D64-9B19-A16AEB8B4F81}.Release|Any CPU.Build.0 = Release|Any CPU
	EndGlobalSection
	GlobalSection(SolutionProperties) = preSolution
		HideSolutionNode = FALSE
	EndGlobalSection
	GlobalSection(ExtensibilityGlobals) = postSolution
		SolutionGuid = {AF990437-FBAA-4613-9047-C7D942190B4B}
	EndGlobalSection
EndGlobal
